// !$*UTF8*$!
{
	archiveVersion = 1;
	classes = {
	};
	objectVersion = 50;
	objects = {

/* Begin PBXBuildFile section */
		5B0308082772B1FA001C7DAD /* CollectionViewController.swift in Sources */ = {isa = PBXBuildFile; fileRef = 5B0308072772B1FA001C7DAD /* CollectionViewController.swift */; };
		5B03080A2772B4CD001C7DAD /* ColumnFlowLayout.swift in Sources */ = {isa = PBXBuildFile; fileRef = 5B0308092772B4CD001C7DAD /* ColumnFlowLayout.swift */; };
		5B03080C2772BAE0001C7DAD /* CollectionViewCell.xib in Resources */ = {isa = PBXBuildFile; fileRef = 5B03080B2772BAE0001C7DAD /* CollectionViewCell.xib */; };
		5B03080E2772C2AA001C7DAD /* Constants.swift in Sources */ = {isa = PBXBuildFile; fileRef = 5B03080D2772C2AA001C7DAD /* Constants.swift */; };
		5B0308102772C3B7001C7DAD /* CollectionViewCell.swift in Sources */ = {isa = PBXBuildFile; fileRef = 5B03080F2772C3B7001C7DAD /* CollectionViewCell.swift */; };
		5B0308122772D05D001C7DAD /* Extensions.swift in Sources */ = {isa = PBXBuildFile; fileRef = 5B0308112772D05D001C7DAD /* Extensions.swift */; };
		5B10CFFD277524F200C9D748 /* Task.swift in Sources */ = {isa = PBXBuildFile; fileRef = 5B10CFFC277524F200C9D748 /* Task.swift */; };
		5B80B60927816CA20058BBF3 /* DetailViewController.swift in Sources */ = {isa = PBXBuildFile; fileRef = 5B80B60727816CA20058BBF3 /* DetailViewController.swift */; };
		5BADDB82278699B00042849F /* DetailTableViewCell.xib in Resources */ = {isa = PBXBuildFile; fileRef = 5BADDB81278699B00042849F /* DetailTableViewCell.xib */; };
		5BADDB8427869AF60042849F /* DetailTableViewCell.swift in Sources */ = {isa = PBXBuildFile; fileRef = 5BADDB8327869AF60042849F /* DetailTableViewCell.swift */; };
		5BD663FD277918DB00C01C20 /* TaskTimer.swift in Sources */ = {isa = PBXBuildFile; fileRef = 5BD663FC277918DB00C01C20 /* TaskTimer.swift */; };
		AB1535BD276AE34100BB66FF /* AppDelegate.swift in Sources */ = {isa = PBXBuildFile; fileRef = AB1535BC276AE34100BB66FF /* AppDelegate.swift */; };
		AB1535BF276AE34100BB66FF /* SceneDelegate.swift in Sources */ = {isa = PBXBuildFile; fileRef = AB1535BE276AE34100BB66FF /* SceneDelegate.swift */; };
		AB1535C4276AE34100BB66FF /* Main.storyboard in Resources */ = {isa = PBXBuildFile; fileRef = AB1535C2276AE34100BB66FF /* Main.storyboard */; };
		AB1535C6276AE34200BB66FF /* Assets.xcassets in Resources */ = {isa = PBXBuildFile; fileRef = AB1535C5276AE34200BB66FF /* Assets.xcassets */; };
		AB1535C9276AE34200BB66FF /* LaunchScreen.storyboard in Resources */ = {isa = PBXBuildFile; fileRef = AB1535C7276AE34200BB66FF /* LaunchScreen.storyboard */; };
		AB1535D1276AE48000BB66FF /* ReportViewController.swift in Sources */ = {isa = PBXBuildFile; fileRef = AB1535D0276AE48000BB66FF /* ReportViewController.swift */; };
/* End PBXBuildFile section */

/* Begin PBXFileReference section */
		5B0308072772B1FA001C7DAD /* CollectionViewController.swift */ = {isa = PBXFileReference; lastKnownFileType = sourcecode.swift; path = CollectionViewController.swift; sourceTree = "<group>"; };
		5B0308092772B4CD001C7DAD /* ColumnFlowLayout.swift */ = {isa = PBXFileReference; lastKnownFileType = sourcecode.swift; path = ColumnFlowLayout.swift; sourceTree = "<group>"; };
		5B03080B2772BAE0001C7DAD /* CollectionViewCell.xib */ = {isa = PBXFileReference; lastKnownFileType = file.xib; path = CollectionViewCell.xib; sourceTree = "<group>"; };
		5B03080D2772C2AA001C7DAD /* Constants.swift */ = {isa = PBXFileReference; lastKnownFileType = sourcecode.swift; path = Constants.swift; sourceTree = "<group>"; };
		5B03080F2772C3B7001C7DAD /* CollectionViewCell.swift */ = {isa = PBXFileReference; lastKnownFileType = sourcecode.swift; path = CollectionViewCell.swift; sourceTree = "<group>"; };
		5B0308112772D05D001C7DAD /* Extensions.swift */ = {isa = PBXFileReference; lastKnownFileType = sourcecode.swift; path = Extensions.swift; sourceTree = "<group>"; };
		5B10CFFC277524F200C9D748 /* Task.swift */ = {isa = PBXFileReference; lastKnownFileType = sourcecode.swift; path = Task.swift; sourceTree = "<group>"; };
		5B80B60727816CA20058BBF3 /* DetailViewController.swift */ = {isa = PBXFileReference; lastKnownFileType = sourcecode.swift; path = DetailViewController.swift; sourceTree = "<group>"; };
		5BADDB81278699B00042849F /* DetailTableViewCell.xib */ = {isa = PBXFileReference; lastKnownFileType = file.xib; path = DetailTableViewCell.xib; sourceTree = "<group>"; };
		5BADDB8327869AF60042849F /* DetailTableViewCell.swift */ = {isa = PBXFileReference; lastKnownFileType = sourcecode.swift; path = DetailTableViewCell.swift; sourceTree = "<group>"; };
		5BD663FC277918DB00C01C20 /* TaskTimer.swift */ = {isa = PBXFileReference; lastKnownFileType = sourcecode.swift; path = TaskTimer.swift; sourceTree = "<group>"; };
		AB1535B9276AE34100BB66FF /* All My Timers.app */ = {isa = PBXFileReference; explicitFileType = wrapper.application; includeInIndex = 0; path = "All My Timers.app"; sourceTree = BUILT_PRODUCTS_DIR; };
		AB1535BC276AE34100BB66FF /* AppDelegate.swift */ = {isa = PBXFileReference; lastKnownFileType = sourcecode.swift; path = AppDelegate.swift; sourceTree = "<group>"; };
		AB1535BE276AE34100BB66FF /* SceneDelegate.swift */ = {isa = PBXFileReference; lastKnownFileType = sourcecode.swift; path = SceneDelegate.swift; sourceTree = "<group>"; };
		AB1535C3276AE34100BB66FF /* Base */ = {isa = PBXFileReference; lastKnownFileType = file.storyboard; name = Base; path = Base.lproj/Main.storyboard; sourceTree = "<group>"; };
		AB1535C5276AE34200BB66FF /* Assets.xcassets */ = {isa = PBXFileReference; lastKnownFileType = folder.assetcatalog; path = Assets.xcassets; sourceTree = "<group>"; };
		AB1535C8276AE34200BB66FF /* Base */ = {isa = PBXFileReference; lastKnownFileType = file.storyboard; name = Base; path = Base.lproj/LaunchScreen.storyboard; sourceTree = "<group>"; };
		AB1535CA276AE34200BB66FF /* Info.plist */ = {isa = PBXFileReference; lastKnownFileType = text.plist.xml; path = Info.plist; sourceTree = "<group>"; };
		AB1535D0276AE48000BB66FF /* ReportViewController.swift */ = {isa = PBXFileReference; lastKnownFileType = sourcecode.swift; path = ReportViewController.swift; sourceTree = "<group>"; };
/* End PBXFileReference section */

/* Begin PBXFrameworksBuildPhase section */
		AB1535B6276AE34100BB66FF /* Frameworks */ = {
			isa = PBXFrameworksBuildPhase;
			buildActionMask = 2147483647;
			files = (
			);
			runOnlyForDeploymentPostprocessing = 0;
		};
/* End PBXFrameworksBuildPhase section */

/* Begin PBXGroup section */
		AB1535B0276AE34100BB66FF = {
			isa = PBXGroup;
			children = (
				AB1535BB276AE34100BB66FF /* All My Timers */,
				AB1535BA276AE34100BB66FF /* Products */,
			);
			sourceTree = "<group>";
		};
		AB1535BA276AE34100BB66FF /* Products */ = {
			isa = PBXGroup;
			children = (
				AB1535B9276AE34100BB66FF /* All My Timers.app */,
			);
			name = Products;
			sourceTree = "<group>";
		};
		AB1535BB276AE34100BB66FF /* All My Timers */ = {
			isa = PBXGroup;
			children = (
				AB1535BC276AE34100BB66FF /* AppDelegate.swift */,
				AB1535BE276AE34100BB66FF /* SceneDelegate.swift */,
				AB1535D0276AE48000BB66FF /* ReportViewController.swift */,
				AB1535C2276AE34100BB66FF /* Main.storyboard */,
				5B0308092772B4CD001C7DAD /* ColumnFlowLayout.swift */,
				5B0308072772B1FA001C7DAD /* CollectionViewController.swift */,
				5B80B60727816CA20058BBF3 /* DetailViewController.swift */,
				5BD663FC277918DB00C01C20 /* TaskTimer.swift */,
				5B10CFFC277524F200C9D748 /* Task.swift */,
				5BADDB81278699B00042849F /* DetailTableViewCell.xib */,
				5BADDB8327869AF60042849F /* DetailTableViewCell.swift */,
				5B03080B2772BAE0001C7DAD /* CollectionViewCell.xib */,
				5B03080F2772C3B7001C7DAD /* CollectionViewCell.swift */,
				5B0308112772D05D001C7DAD /* Extensions.swift */,
				5B03080D2772C2AA001C7DAD /* Constants.swift */,
				AB1535C5276AE34200BB66FF /* Assets.xcassets */,
				AB1535C7276AE34200BB66FF /* LaunchScreen.storyboard */,
				AB1535CA276AE34200BB66FF /* Info.plist */,
			);
			path = "All My Timers";
			sourceTree = "<group>";
		};
/* End PBXGroup section */

/* Begin PBXNativeTarget section */
		AB1535B8276AE34100BB66FF /* All My Timers */ = {
			isa = PBXNativeTarget;
			buildConfigurationList = AB1535CD276AE34200BB66FF /* Build configuration list for PBXNativeTarget "All My Timers" */;
			buildPhases = (
				AB1535B5276AE34100BB66FF /* Sources */,
				AB1535B6276AE34100BB66FF /* Frameworks */,
				AB1535B7276AE34100BB66FF /* Resources */,
			);
			buildRules = (
			);
			dependencies = (
			);
			name = "All My Timers";
			productName = "All My Timers";
			productReference = AB1535B9276AE34100BB66FF /* All My Timers.app */;
			productType = "com.apple.product-type.application";
		};
/* End PBXNativeTarget section */

/* Begin PBXProject section */
		AB1535B1276AE34100BB66FF /* Project object */ = {
			isa = PBXProject;
			attributes = {
				LastSwiftUpdateCheck = 1250;
				LastUpgradeCheck = 1250;
				TargetAttributes = {
					AB1535B8276AE34100BB66FF = {
						CreatedOnToolsVersion = 12.5.1;
					};
				};
			};
			buildConfigurationList = AB1535B4276AE34100BB66FF /* Build configuration list for PBXProject "All My Timers" */;
			compatibilityVersion = "Xcode 9.3";
			developmentRegion = en;
			hasScannedForEncodings = 0;
			knownRegions = (
				en,
				Base,
			);
			mainGroup = AB1535B0276AE34100BB66FF;
			productRefGroup = AB1535BA276AE34100BB66FF /* Products */;
			projectDirPath = "";
			projectRoot = "";
			targets = (
				AB1535B8276AE34100BB66FF /* All My Timers */,
			);
		};
/* End PBXProject section */

/* Begin PBXResourcesBuildPhase section */
		AB1535B7276AE34100BB66FF /* Resources */ = {
			isa = PBXResourcesBuildPhase;
			buildActionMask = 2147483647;
			files = (
				AB1535C9276AE34200BB66FF /* LaunchScreen.storyboard in Resources */,
				5BADDB82278699B00042849F /* DetailTableViewCell.xib in Resources */,
				AB1535C6276AE34200BB66FF /* Assets.xcassets in Resources */,
				AB1535C4276AE34100BB66FF /* Main.storyboard in Resources */,
				5B03080C2772BAE0001C7DAD /* CollectionViewCell.xib in Resources */,
			);
			runOnlyForDeploymentPostprocessing = 0;
		};
/* End PBXResourcesBuildPhase section */

/* Begin PBXSourcesBuildPhase section */
		AB1535B5276AE34100BB66FF /* Sources */ = {
			isa = PBXSourcesBuildPhase;
			buildActionMask = 2147483647;
			files = (
				5B80B60927816CA20058BBF3 /* DetailViewController.swift in Sources */,
				5B0308102772C3B7001C7DAD /* CollectionViewCell.swift in Sources */,
				AB1535D1276AE48000BB66FF /* ReportViewController.swift in Sources */,
				AB1535BD276AE34100BB66FF /* AppDelegate.swift in Sources */,
				5B0308082772B1FA001C7DAD /* CollectionViewController.swift in Sources */,
				5BD663FD277918DB00C01C20 /* TaskTimer.swift in Sources */,
				5BADDB8427869AF60042849F /* DetailTableViewCell.swift in Sources */,
				5B03080A2772B4CD001C7DAD /* ColumnFlowLayout.swift in Sources */,
				AB1535BF276AE34100BB66FF /* SceneDelegate.swift in Sources */,
				5B0308122772D05D001C7DAD /* Extensions.swift in Sources */,
				5B10CFFD277524F200C9D748 /* Task.swift in Sources */,
				5B03080E2772C2AA001C7DAD /* Constants.swift in Sources */,
			);
			runOnlyForDeploymentPostprocessing = 0;
		};
/* End PBXSourcesBuildPhase section */

/* Begin PBXVariantGroup section */
		AB1535C2276AE34100BB66FF /* Main.storyboard */ = {
			isa = PBXVariantGroup;
			children = (
				AB1535C3276AE34100BB66FF /* Base */,
			);
			name = Main.storyboard;
			sourceTree = "<group>";
		};
		AB1535C7276AE34200BB66FF /* LaunchScreen.storyboard */ = {
			isa = PBXVariantGroup;
			children = (
				AB1535C8276AE34200BB66FF /* Base */,
			);
			name = LaunchScreen.storyboard;
			sourceTree = "<group>";
		};
/* End PBXVariantGroup section */

/* Begin XCBuildConfiguration section */
		AB1535CB276AE34200BB66FF /* Debug */ = {
			isa = XCBuildConfiguration;
			buildSettings = {
				ALWAYS_SEARCH_USER_PATHS = NO;
				CLANG_ANALYZER_NONNULL = YES;
				CLANG_ANALYZER_NUMBER_OBJECT_CONVERSION = YES_AGGRESSIVE;
				CLANG_CXX_LANGUAGE_STANDARD = "gnu++14";
				CLANG_CXX_LIBRARY = "libc++";
				CLANG_ENABLE_MODULES = YES;
				CLANG_ENABLE_OBJC_ARC = YES;
				CLANG_ENABLE_OBJC_WEAK = YES;
				CLANG_WARN_BLOCK_CAPTURE_AUTORELEASING = YES;
				CLANG_WARN_BOOL_CONVERSION = YES;
				CLANG_WARN_COMMA = YES;
				CLANG_WARN_CONSTANT_CONVERSION = YES;
				CLANG_WARN_DEPRECATED_OBJC_IMPLEMENTATIONS = YES;
				CLANG_WARN_DIRECT_OBJC_ISA_USAGE = YES_ERROR;
				CLANG_WARN_DOCUMENTATION_COMMENTS = YES;
				CLANG_WARN_EMPTY_BODY = YES;
				CLANG_WARN_ENUM_CONVERSION = YES;
				CLANG_WARN_INFINITE_RECURSION = YES;
				CLANG_WARN_INT_CONVERSION = YES;
				CLANG_WARN_NON_LITERAL_NULL_CONVERSION = YES;
				CLANG_WARN_OBJC_IMPLICIT_RETAIN_SELF = YES;
				CLANG_WARN_OBJC_LITERAL_CONVERSION = YES;
				CLANG_WARN_OBJC_ROOT_CLASS = YES_ERROR;
				CLANG_WARN_QUOTED_INCLUDE_IN_FRAMEWORK_HEADER = YES;
				CLANG_WARN_RANGE_LOOP_ANALYSIS = YES;
				CLANG_WARN_STRICT_PROTOTYPES = YES;
				CLANG_WARN_SUSPICIOUS_MOVE = YES;
				CLANG_WARN_UNGUARDED_AVAILABILITY = YES_AGGRESSIVE;
				CLANG_WARN_UNREACHABLE_CODE = YES;
				CLANG_WARN__DUPLICATE_METHOD_MATCH = YES;
				COPY_PHASE_STRIP = NO;
				DEBUG_INFORMATION_FORMAT = dwarf;
				ENABLE_STRICT_OBJC_MSGSEND = YES;
				ENABLE_TESTABILITY = YES;
				GCC_C_LANGUAGE_STANDARD = gnu11;
				GCC_DYNAMIC_NO_PIC = NO;
				GCC_NO_COMMON_BLOCKS = YES;
				GCC_OPTIMIZATION_LEVEL = 0;
				GCC_PREPROCESSOR_DEFINITIONS = (
					"DEBUG=1",
					"$(inherited)",
				);
				GCC_WARN_64_TO_32_BIT_CONVERSION = YES;
				GCC_WARN_ABOUT_RETURN_TYPE = YES_ERROR;
				GCC_WARN_UNDECLARED_SELECTOR = YES;
				GCC_WARN_UNINITIALIZED_AUTOS = YES_AGGRESSIVE;
				GCC_WARN_UNUSED_FUNCTION = YES;
				GCC_WARN_UNUSED_VARIABLE = YES;
				IPHONEOS_DEPLOYMENT_TARGET = 14.5;
				MTL_ENABLE_DEBUG_INFO = INCLUDE_SOURCE;
				MTL_FAST_MATH = YES;
				ONLY_ACTIVE_ARCH = YES;
				SDKROOT = iphoneos;
				SWIFT_ACTIVE_COMPILATION_CONDITIONS = DEBUG;
				SWIFT_OPTIMIZATION_LEVEL = "-Onone";
			};
			name = Debug;
		};
		AB1535CC276AE34200BB66FF /* Release */ = {
			isa = XCBuildConfiguration;
			buildSettings = {
				ALWAYS_SEARCH_USER_PATHS = NO;
				CLANG_ANALYZER_NONNULL = YES;
				CLANG_ANALYZER_NUMBER_OBJECT_CONVERSION = YES_AGGRESSIVE;
				CLANG_CXX_LANGUAGE_STANDARD = "gnu++14";
				CLANG_CXX_LIBRARY = "libc++";
				CLANG_ENABLE_MODULES = YES;
				CLANG_ENABLE_OBJC_ARC = YES;
				CLANG_ENABLE_OBJC_WEAK = YES;
				CLANG_WARN_BLOCK_CAPTURE_AUTORELEASING = YES;
				CLANG_WARN_BOOL_CONVERSION = YES;
				CLANG_WARN_COMMA = YES;
				CLANG_WARN_CONSTANT_CONVERSION = YES;
				CLANG_WARN_DEPRECATED_OBJC_IMPLEMENTATIONS = YES;
				CLANG_WARN_DIRECT_OBJC_ISA_USAGE = YES_ERROR;
				CLANG_WARN_DOCUMENTATION_COMMENTS = YES;
				CLANG_WARN_EMPTY_BODY = YES;
				CLANG_WARN_ENUM_CONVERSION = YES;
				CLANG_WARN_INFINITE_RECURSION = YES;
				CLANG_WARN_INT_CONVERSION = YES;
				CLANG_WARN_NON_LITERAL_NULL_CONVERSION = YES;
				CLANG_WARN_OBJC_IMPLICIT_RETAIN_SELF = YES;
				CLANG_WARN_OBJC_LITERAL_CONVERSION = YES;
				CLANG_WARN_OBJC_ROOT_CLASS = YES_ERROR;
				CLANG_WARN_QUOTED_INCLUDE_IN_FRAMEWORK_HEADER = YES;
				CLANG_WARN_RANGE_LOOP_ANALYSIS = YES;
				CLANG_WARN_STRICT_PROTOTYPES = YES;
				CLANG_WARN_SUSPICIOUS_MOVE = YES;
				CLANG_WARN_UNGUARDED_AVAILABILITY = YES_AGGRESSIVE;
				CLANG_WARN_UNREACHABLE_CODE = YES;
				CLANG_WARN__DUPLICATE_METHOD_MATCH = YES;
				COPY_PHASE_STRIP = NO;
				DEBUG_INFORMATION_FORMAT = "dwarf-with-dsym";
				ENABLE_NS_ASSERTIONS = NO;
				ENABLE_STRICT_OBJC_MSGSEND = YES;
				GCC_C_LANGUAGE_STANDARD = gnu11;
				GCC_NO_COMMON_BLOCKS = YES;
				GCC_WARN_64_TO_32_BIT_CONVERSION = YES;
				GCC_WARN_ABOUT_RETURN_TYPE = YES_ERROR;
				GCC_WARN_UNDECLARED_SELECTOR = YES;
				GCC_WARN_UNINITIALIZED_AUTOS = YES_AGGRESSIVE;
				GCC_WARN_UNUSED_FUNCTION = YES;
				GCC_WARN_UNUSED_VARIABLE = YES;
				IPHONEOS_DEPLOYMENT_TARGET = 14.5;
				MTL_ENABLE_DEBUG_INFO = NO;
				MTL_FAST_MATH = YES;
				SDKROOT = iphoneos;
				SWIFT_COMPILATION_MODE = wholemodule;
				SWIFT_OPTIMIZATION_LEVEL = "-O";
				VALIDATE_PRODUCT = YES;
			};
			name = Release;
		};
		AB1535CE276AE34200BB66FF /* Debug */ = {
			isa = XCBuildConfiguration;
			buildSettings = {
				ASSETCATALOG_COMPILER_APPICON_NAME = AppIcon;
				ASSETCATALOG_COMPILER_GLOBAL_ACCENT_COLOR_NAME = AccentColor;
				CODE_SIGN_STYLE = Automatic;
				DEVELOPMENT_TEAM = 8A99FNQCB9;
				INFOPLIST_FILE = "All My Timers/Info.plist";
				IPHONEOS_DEPLOYMENT_TARGET = 15.0;
				LD_RUNPATH_SEARCH_PATHS = (
					"$(inherited)",
					"@executable_path/Frameworks",
				);
				PRODUCT_BUNDLE_IDENTIFIER = "com.pineappleslikei.All-My-Timers2";
				PRODUCT_NAME = "$(TARGET_NAME)";
				SWIFT_VERSION = 5.0;
				TARGETED_DEVICE_FAMILY = "1,2";
			};
			name = Debug;
		};
		AB1535CF276AE34200BB66FF /* Release */ = {
			isa = XCBuildConfiguration;
			buildSettings = {
				ASSETCATALOG_COMPILER_APPICON_NAME = AppIcon;
				ASSETCATALOG_COMPILER_GLOBAL_ACCENT_COLOR_NAME = AccentColor;
				CODE_SIGN_STYLE = Automatic;
				DEVELOPMENT_TEAM = 8A99FNQCB9;
				INFOPLIST_FILE = "All My Timers/Info.plist";
				IPHONEOS_DEPLOYMENT_TARGET = 15.0;
				LD_RUNPATH_SEARCH_PATHS = (
					"$(inherited)",
					"@executable_path/Frameworks",
				);
				PRODUCT_BUNDLE_IDENTIFIER = "com.pineappleslikei.All-My-Timers2";
				PRODUCT_NAME = "$(TARGET_NAME)";
				SWIFT_VERSION = 5.0;
				TARGETED_DEVICE_FAMILY = "1,2";
			};
			name = Release;
		};
/* End XCBuildConfiguration section */

/* Begin XCConfigurationList section */
		AB1535B4276AE34100BB66FF /* Build configuration list for PBXProject "All My Timers" */ = {
			isa = XCConfigurationList;
			buildConfigurations = (
				AB1535CB276AE34200BB66FF /* Debug */,
				AB1535CC276AE34200BB66FF /* Release */,
			);
			defaultConfigurationIsVisible = 0;
			defaultConfigurationName = Release;
		};
		AB1535CD276AE34200BB66FF /* Build configuration list for PBXNativeTarget "All My Timers" */ = {
			isa = XCConfigurationList;
			buildConfigurations = (
				AB1535CE276AE34200BB66FF /* Debug */,
				AB1535CF276AE34200BB66FF /* Release */,
			);
			defaultConfigurationIsVisible = 0;
			defaultConfigurationName = Release;
		};
/* End XCConfigurationList section */
	};
	rootObject = AB1535B1276AE34100BB66FF /* Project object */;
}
